
Microsoft Visual Studio Solution File, Format Version 12.00
# Visual Studio Version 17
VisualStudioVersion = 17.14.36623.8
MinimumVisualStudioVersion = 10.0.40219.1
Project("{FAE04EC0-301F-11D3-BF4B-00C04F79EFBC}") = "API", "API\API.csproj", "{1629FAD4-51AF-4938-A708-515E0300968F}"
EndProject
Project("{FAE04EC0-301F-11D3-BF4B-00C04F79EFBC}") = "Core", "Core\Core.csproj", "{56D0FD68-3686-40DD-B208-51BB3415AB65}"
EndProject
Project("{FAE04EC0-301F-11D3-BF4B-00C04F79EFBC}") = "DataAccess", "DataAcess\DataAccess.csproj", "{B44EE7A7-4482-45C8-9FB5-EA0D2759C0DA}"
EndProject
Project("{FAE04EC0-301F-11D3-BF4B-00C04F79EFBC}") = "Business", "Business\Business.csproj", "{8698E490-9950-4A54-ACE3-5DCDD1D6E3D2}"
EndProject
Global
	GlobalSection(SolutionConfigurationPlatforms) = preSolution
		Debug|Any CPU = Debug|Any CPU
		Release|Any CPU = Release|Any CPU
	EndGlobalSection
	GlobalSection(ProjectConfigurationPlatforms) = postSolution
		{1629FAD4-51AF-4938-A708-515E0300968F}.Debug|Any CPU.ActiveCfg = Debug|Any CPU
		{1629FAD4-51AF-4938-A708-515E0300968F}.Debug|Any CPU.Build.0 = Debug|Any CPU
		{1629FAD4-51AF-4938-A708-515E0300968F}.Release|Any CPU.ActiveCfg = Release|Any CPU
		{1629FAD4-51AF-4938-A708-515E0300968F}.Release|Any CPU.Build.0 = Release|Any CPU
		{56D0FD68-3686-40DD-B208-51BB3415AB65}.Debug|Any CPU.ActiveCfg = Debug|Any CPU
		{56D0FD68-3686-40DD-B208-51BB3415AB65}.Debug|Any CPU.Build.0 = Debug|Any CPU
		{56D0FD68-3686-40DD-B208-51BB3415AB65}.Release|Any CPU.ActiveCfg = Release|Any CPU
		{56D0FD68-3686-40DD-B208-51BB3415AB65}.Release|Any CPU.Build.0 = Release|Any CPU
		{B44EE7A7-4482-45C8-9FB5-EA0D2759C0DA}.Debug|Any CPU.ActiveCfg = Debug|Any CPU
		{B44EE7A7-4482-45C8-9FB5-EA0D2759C0DA}.Debug|Any CPU.Build.0 = Debug|Any CPU
		{B44EE7A7-4482-45C8-9FB5-EA0D2759C0DA}.Release|Any CPU.ActiveCfg = Release|Any CPU
		{B44EE7A7-4482-45C8-9FB5-EA0D2759C0DA}.Release|Any CPU.Build.0 = Release|Any CPU
		{8698E490-9950-4A54-ACE3-5DCDD1D6E3D2}.Debug|Any CPU.ActiveCfg = Debug|Any CPU
		{8698E490-9950-4A54-ACE3-5DCDD1D6E3D2}.Debug|Any CPU.Build.0 = Debug|Any CPU
		{8698E490-9950-4A54-ACE3-5DCDD1D6E3D2}.Release|Any CPU.ActiveCfg = Release|Any CPU
		{8698E490-9950-4A54-ACE3-5DCDD1D6E3D2}.Release|Any CPU.Build.0 = Release|Any CPU
	EndGlobalSection
	GlobalSection(SolutionProperties) = preSolution
		HideSolutionNode = FALSE
	EndGlobalSection
	GlobalSection(ExtensibilityGlobals) = postSolution
		SolutionGuid = {03CAC00A-BD72-4CB3-805F-FFAE0DAECA25}
	EndGlobalSection
EndGlobal
